<?xml version="1.0" encoding="utf-8"?>
<Project ToolsVersion="4.0" xmlns="http://schemas.microsoft.com/developer/msbuild/2003">
  <ItemGroup>
    <ClCompile Include="src\AuthorizationCodeGrant.cpp" />
    <ClCompile Include="src\Helpers.cpp" />
    <ClCompile Include="src\OAuth2.cpp" />
    <ClCompile Include="src\Constants.cpp" />
  </ItemGroup>
  <ItemGroup>
    <ClInclude Include="src\Helpers.h" />
    <ClInclude Include="include\AuthorizationCodeGrant.h" />
    <ClInclude Include="include\Constants.h" />
    <ClInclude Include="include\Interfaces.h" />
    <ClInclude Include="include\OAuth2.h" />
    <ClInclude Include="include\Types.h" />
  </ItemGroup>
</Project>