
Microsoft Visual Studio Solution File, Format Version 12.00
# Visual Studio 2012
Project("{8BC9CEB8-8B4A-11D0-8D11-00A0C91BC942}") = "OAuth2CppLib", "OAuth2CppLib\OAuth2CppLib.vcxproj", "{FDE531B1-CE5C-4187-92DC-C09578C11E36}"
EndProject
Project("{8BC9CEB8-8B4A-11D0-8D11-00A0C91BC942}") = "TestServer", "TestServer\TestServer.vcxproj", "{3E4A7537-308A-4FA6-9C5E-DB543C2EE107}"
EndProject
Global
	GlobalSection(SolutionConfigurationPlatforms) = preSolution
		Debug|Win32 = Debug|Win32
		Release|Win32 = Release|Win32
	EndGlobalSection
	GlobalSection(ProjectConfigurationPlatforms) = postSolution
		{FDE531B1-CE5C-4187-92DC-C09578C11E36}.Debug|Win32.ActiveCfg = Debug|Win32
		{FDE531B1-CE5C-4187-92DC-C09578C11E36}.Debug|Win32.Build.0 = Debug|Win32
		{FDE531B1-CE5C-4187-92DC-C09578C11E36}.Release|Win32.ActiveCfg = Release|Win32
		{FDE531B1-CE5C-4187-92DC-C09578C11E36}.Release|Win32.Build.0 = Release|Win32
		{3E4A7537-308A-4FA6-9C5E-DB543C2EE107}.Debug|Win32.ActiveCfg = Debug|Win32
		{3E4A7537-308A-4FA6-9C5E-DB543C2EE107}.Debug|Win32.Build.0 = Debug|Win32
		{3E4A7537-308A-4FA6-9C5E-DB543C2EE107}.Release|Win32.ActiveCfg = Release|Win32
		{3E4A7537-308A-4FA6-9C5E-DB543C2EE107}.Release|Win32.Build.0 = Release|Win32
	EndGlobalSection
	GlobalSection(SolutionProperties) = preSolution
		HideSolutionNode = FALSE
	EndGlobalSection
EndGlobal
